// !$*UTF8*$!
{
	archiveVersion = 1;
	classes = {
	};
	objectVersion = 54;
	objects = {

/* Begin PBXBuildFile section */
		7242F08115D1C8BA006CF0C7 /* UIKit.framework in Frameworks */ = {isa = PBXBuildFile; fileRef = 7242F08015D1C8BA006CF0C7 /* UIKit.framework */; };
		7242F08315D1C8BA006CF0C7 /* Foundation.framework in Frameworks */ = {isa = PBXBuildFile; fileRef = 7242F08215D1C8BA006CF0C7 /* Foundation.framework */; };
		7242F08515D1C8BA006CF0C7 /* CoreGraphics.framework in Frameworks */ = {isa = PBXBuildFile; fileRef = 7242F08415D1C8BA006CF0C7 /* CoreGraphics.framework */; };
		7242F08B15D1C8BA006CF0C7 /* InfoPlist.strings in Resources */ = {isa = PBXBuildFile; fileRef = 7242F08915D1C8BA006CF0C7 /* InfoPlist.strings */; };
		7242F08D15D1C8BA006CF0C7 /* main.m in Sources */ = {isa = PBXBuildFile; fileRef = 7242F08C15D1C8BA006CF0C7 /* main.m */; };
		7242F09115D1C8BA006CF0C7 /* ZRAppDelegate.m in Sources */ = {isa = PBXBuildFile; fileRef = 7242F09015D1C8BA006CF0C7 /* ZRAppDelegate.m */; };
		7242F09415D1C8BA006CF0C7 /* MainStoryboard_iPhone.storyboard in Resources */ = {isa = PBXBuildFile; fileRef = 7242F09215D1C8BA006CF0C7 /* MainStoryboard_iPhone.storyboard */; };
		7242F09715D1C8BA006CF0C7 /* MainStoryboard_iPad.storyboard in Resources */ = {isa = PBXBuildFile; fileRef = 7242F09515D1C8BA006CF0C7 /* MainStoryboard_iPad.storyboard */; };
		7242F09A15D1C8BA006CF0C7 /* ZRViewController.m in Sources */ = {isa = PBXBuildFile; fileRef = 7242F09915D1C8BA006CF0C7 /* ZRViewController.m */; };
		7242F0A415D1CE01006CF0C7 /* Boom.png in Resources */ = {isa = PBXBuildFile; fileRef = 7242F0A015D1CE01006CF0C7 /* Boom.png */; };
		7242F0A515D1CE01006CF0C7 /* brains.png in Resources */ = {isa = PBXBuildFile; fileRef = 7242F0A115D1CE01006CF0C7 /* brains.png */; };
		7242F0A615D1CE01006CF0C7 /* Runner.png in Resources */ = {isa = PBXBuildFile; fileRef = 7242F0A215D1CE01006CF0C7 /* Runner.png */; };
		7242F0A715D1CE01006CF0C7 /* ZombieDice.png in Resources */ = {isa = PBXBuildFile; fileRef = 7242F0A315D1CE01006CF0C7 /* ZombieDice.png */; };
		7242F0B215D1DC3C006CF0C7 /* awww.caf in Resources */ = {isa = PBXBuildFile; fileRef = 7242F0AD15D1DC3C006CF0C7 /* awww.caf */; };
		7242F0B315D1DC3C006CF0C7 /* NomNomNom.caf in Resources */ = {isa = PBXBuildFile; fileRef = 7242F0AE15D1DC3C006CF0C7 /* NomNomNom.caf */; };
		7242F0B415D1DC3C006CF0C7 /* runner.caf in Resources */ = {isa = PBXBuildFile; fileRef = 7242F0AF15D1DC3C006CF0C7 /* runner.caf */; };
		7242F0B515D1DC3C006CF0C7 /* Shotgun.caf in Resources */ = {isa = PBXBuildFile; fileRef = 7242F0B015D1DC3C006CF0C7 /* Shotgun.caf */; };
		7242F0B615D1DC3C006CF0C7 /* yay.caf in Resources */ = {isa = PBXBuildFile; fileRef = 7242F0B115D1DC3C006CF0C7 /* yay.caf */; };
		7242F0B815D1E043006CF0C7 /* AVFoundation.framework in Frameworks */ = {isa = PBXBuildFile; fileRef = 7242F0B715D1E043006CF0C7 /* AVFoundation.framework */; };
/* End PBXBuildFile section */

/* Begin PBXFileReference section */
		7242F07C15D1C8BA006CF0C7 /* ZombieRun.app */ = {isa = PBXFileReference; explicitFileType = wrapper.application; includeInIndex = 0; path = ZombieRun.app; sourceTree = BUILT_PRODUCTS_DIR; };
		7242F08015D1C8BA006CF0C7 /* UIKit.framework */ = {isa = PBXFileReference; lastKnownFileType = wrapper.framework; name = UIKit.framework; path = System/Library/Frameworks/UIKit.framework; sourceTree = SDKROOT; };
		7242F08215D1C8BA006CF0C7 /* Foundation.framework */ = {isa = PBXFileReference; lastKnownFileType = wrapper.framework; name = Foundation.framework; path = System/Library/Frameworks/Foundation.framework; sourceTree = SDKROOT; };
		7242F08415D1C8BA006CF0C7 /* CoreGraphics.framework */ = {isa = PBXFileReference; lastKnownFileType = wrapper.framework; name = CoreGraphics.framework; path = System/Library/Frameworks/CoreGraphics.framework; sourceTree = SDKROOT; };
		7242F08815D1C8BA006CF0C7 /* ZombieRun-Info.plist */ = {isa = PBXFileReference; lastKnownFileType = text.plist.xml; path = "ZombieRun-Info.plist"; sourceTree = "<group>"; };
		7242F08A15D1C8BA006CF0C7 /* en */ = {isa = PBXFileReference; lastKnownFileType = text.plist.strings; name = en; path = en.lproj/InfoPlist.strings; sourceTree = "<group>"; };
		7242F08C15D1C8BA006CF0C7 /* main.m */ = {isa = PBXFileReference; lastKnownFileType = sourcecode.c.objc; path = main.m; sourceTree = "<group>"; };
		7242F08E15D1C8BA006CF0C7 /* ZombieRun-Prefix.pch */ = {isa = PBXFileReference; lastKnownFileType = sourcecode.c.h; path = "ZombieRun-Prefix.pch"; sourceTree = "<group>"; };
		7242F08F15D1C8BA006CF0C7 /* ZRAppDelegate.h */ = {isa = PBXFileReference; lastKnownFileType = sourcecode.c.h; path = ZRAppDelegate.h; sourceTree = "<group>"; };
		7242F09015D1C8BA006CF0C7 /* ZRAppDelegate.m */ = {isa = PBXFileReference; lastKnownFileType = sourcecode.c.objc; path = ZRAppDelegate.m; sourceTree = "<group>"; };
		7242F09315D1C8BA006CF0C7 /* en */ = {isa = PBXFileReference; lastKnownFileType = file.storyboard; name = en; path = en.lproj/MainStoryboard_iPhone.storyboard; sourceTree = "<group>"; };
		7242F09615D1C8BA006CF0C7 /* en */ = {isa = PBXFileReference; lastKnownFileType = file.storyboard; name = en; path = en.lproj/MainStoryboard_iPad.storyboard; sourceTree = "<group>"; };
		7242F09815D1C8BA006CF0C7 /* ZRViewController.h */ = {isa = PBXFileReference; lastKnownFileType = sourcecode.c.h; path = ZRViewController.h; sourceTree = "<group>"; };
		7242F09915D1C8BA006CF0C7 /* ZRViewController.m */ = {isa = PBXFileReference; lastKnownFileType = sourcecode.c.objc; path = ZRViewController.m; sourceTree = "<group>"; };
		7242F0A015D1CE01006CF0C7 /* Boom.png */ = {isa = PBXFileReference; lastKnownFileType = image.png; path = Boom.png; sourceTree = "<group>"; };
		7242F0A115D1CE01006CF0C7 /* brains.png */ = {isa = PBXFileReference; lastKnownFileType = image.png; path = brains.png; sourceTree = "<group>"; };
		7242F0A215D1CE01006CF0C7 /* Runner.png */ = {isa = PBXFileReference; lastKnownFileType = image.png; path = Runner.png; sourceTree = "<group>"; };
		7242F0A315D1CE01006CF0C7 /* ZombieDice.png */ = {isa = PBXFileReference; lastKnownFileType = image.png; path = ZombieDice.png; sourceTree = "<group>"; };
		7242F0AD15D1DC3C006CF0C7 /* awww.caf */ = {isa = PBXFileReference; lastKnownFileType = file; path = awww.caf; sourceTree = "<group>"; };
		7242F0AE15D1DC3C006CF0C7 /* NomNomNom.caf */ = {isa = PBXFileReference; lastKnownFileType = file; path = NomNomNom.caf; sourceTree = "<group>"; };
		7242F0AF15D1DC3C006CF0C7 /* runner.caf */ = {isa = PBXFileReference; lastKnownFileType = file; path = runner.caf; sourceTree = "<group>"; };
		7242F0B015D1DC3C006CF0C7 /* Shotgun.caf */ = {isa = PBXFileReference; lastKnownFileType = file; path = Shotgun.caf; sourceTree = "<group>"; };
		7242F0B115D1DC3C006CF0C7 /* yay.caf */ = {isa = PBXFileReference; lastKnownFileType = file; path = yay.caf; sourceTree = "<group>"; };
		7242F0B715D1E043006CF0C7 /* AVFoundation.framework */ = {isa = PBXFileReference; lastKnownFileType = wrapper.framework; name = AVFoundation.framework; path = System/Library/Frameworks/AVFoundation.framework; sourceTree = SDKROOT; };
/* End PBXFileReference section */

/* Begin PBXFrameworksBuildPhase section */
		7242F07915D1C8BA006CF0C7 /* Frameworks */ = {
			isa = PBXFrameworksBuildPhase;
			buildActionMask = 2147483647;
			files = (
				7242F0B815D1E043006CF0C7 /* AVFoundation.framework in Frameworks */,
				7242F08115D1C8BA006CF0C7 /* UIKit.framework in Frameworks */,
				7242F08315D1C8BA006CF0C7 /* Foundation.framework in Frameworks */,
				7242F08515D1C8BA006CF0C7 /* CoreGraphics.framework in Frameworks */,
			);
			runOnlyForDeploymentPostprocessing = 0;
		};
/* End PBXFrameworksBuildPhase section */

/* Begin PBXGroup section */
		7242F07115D1C8BA006CF0C7 = {
			isa = PBXGroup;
			children = (
				7242F08615D1C8BA006CF0C7 /* ZombieRun */,
				7242F07F15D1C8BA006CF0C7 /* Frameworks */,
				7242F07D15D1C8BA006CF0C7 /* Products */,
			);
			sourceTree = "<group>";
		};
		7242F07D15D1C8BA006CF0C7 /* Products */ = {
			isa = PBXGroup;
			children = (
				7242F07C15D1C8BA006CF0C7 /* ZombieRun.app */,
			);
			name = Products;
			sourceTree = "<group>";
		};
		7242F07F15D1C8BA006CF0C7 /* Frameworks */ = {
			isa = PBXGroup;
			children = (
				7242F0B715D1E043006CF0C7 /* AVFoundation.framework */,
				7242F08015D1C8BA006CF0C7 /* UIKit.framework */,
				7242F08215D1C8BA006CF0C7 /* Foundation.framework */,
				7242F08415D1C8BA006CF0C7 /* CoreGraphics.framework */,
			);
			name = Frameworks;
			sourceTree = "<group>";
		};
		7242F08615D1C8BA006CF0C7 /* ZombieRun */ = {
			isa = PBXGroup;
			children = (
				7242F08F15D1C8BA006CF0C7 /* ZRAppDelegate.h */,
				7242F09015D1C8BA006CF0C7 /* ZRAppDelegate.m */,
				7242F09215D1C8BA006CF0C7 /* MainStoryboard_iPhone.storyboard */,
				7242F09515D1C8BA006CF0C7 /* MainStoryboard_iPad.storyboard */,
				7242F09815D1C8BA006CF0C7 /* ZRViewController.h */,
				7242F09915D1C8BA006CF0C7 /* ZRViewController.m */,
				7242F08715D1C8BA006CF0C7 /* Supporting Files */,
			);
			path = ZombieRun;
			sourceTree = "<group>";
		};
		7242F08715D1C8BA006CF0C7 /* Supporting Files */ = {
			isa = PBXGroup;
			children = (
				7242F0AD15D1DC3C006CF0C7 /* awww.caf */,
				7242F0AE15D1DC3C006CF0C7 /* NomNomNom.caf */,
				7242F0AF15D1DC3C006CF0C7 /* runner.caf */,
				7242F0B015D1DC3C006CF0C7 /* Shotgun.caf */,
				7242F0B115D1DC3C006CF0C7 /* yay.caf */,
				7242F0A015D1CE01006CF0C7 /* Boom.png */,
				7242F0A115D1CE01006CF0C7 /* brains.png */,
				7242F0A215D1CE01006CF0C7 /* Runner.png */,
				7242F0A315D1CE01006CF0C7 /* ZombieDice.png */,
				7242F08815D1C8BA006CF0C7 /* ZombieRun-Info.plist */,
				7242F08915D1C8BA006CF0C7 /* InfoPlist.strings */,
				7242F08C15D1C8BA006CF0C7 /* main.m */,
				7242F08E15D1C8BA006CF0C7 /* ZombieRun-Prefix.pch */,
			);
			name = "Supporting Files";
			sourceTree = "<group>";
		};
/* End PBXGroup section */

/* Begin PBXNativeTarget section */
		7242F07B15D1C8BA006CF0C7 /* ZombieRun */ = {
			isa = PBXNativeTarget;
			buildConfigurationList = 7242F09D15D1C8BA006CF0C7 /* Build configuration list for PBXNativeTarget "ZombieRun" */;
			buildPhases = (
				7242F07815D1C8BA006CF0C7 /* Sources */,
				7242F07915D1C8BA006CF0C7 /* Frameworks */,
				7242F07A15D1C8BA006CF0C7 /* Resources */,
			);
			buildRules = (
			);
			dependencies = (
			);
			name = ZombieRun;
			productName = ZombieRun;
			productReference = 7242F07C15D1C8BA006CF0C7 /* ZombieRun.app */;
			productType = "com.apple.product-type.application";
		};
/* End PBXNativeTarget section */

/* Begin PBXProject section */
		7242F07315D1C8BA006CF0C7 /* Project object */ = {
			isa = PBXProject;
			attributes = {
				BuildIndependentTargetsInParallel = YES;
				CLASSPREFIX = ZombieRun;
				LastUpgradeCheck = 1500;
				ORGANIZATIONNAME = Infernosoft;
			};
			buildConfigurationList = 7242F07615D1C8BA006CF0C7 /* Build configuration list for PBXProject "ZombieRun" */;
			compatibilityVersion = "Xcode 3.2";
			developmentRegion = en;
			hasScannedForEncodings = 0;
			knownRegions = (
				en,
				Base,
			);
			mainGroup = 7242F07115D1C8BA006CF0C7;
			productRefGroup = 7242F07D15D1C8BA006CF0C7 /* Products */;
			projectDirPath = "";
			projectRoot = "";
			targets = (
				7242F07B15D1C8BA006CF0C7 /* ZombieRun */,
			);
		};
/* End PBXProject section */

/* Begin PBXResourcesBuildPhase section */
		7242F07A15D1C8BA006CF0C7 /* Resources */ = {
			isa = PBXResourcesBuildPhase;
			buildActionMask = 2147483647;
			files = (
				7242F08B15D1C8BA006CF0C7 /* InfoPlist.strings in Resources */,
				7242F09415D1C8BA006CF0C7 /* MainStoryboard_iPhone.storyboard in Resources */,
				7242F09715D1C8BA006CF0C7 /* MainStoryboard_iPad.storyboard in Resources */,
				7242F0A415D1CE01006CF0C7 /* Boom.png in Resources */,
				7242F0A515D1CE01006CF0C7 /* brains.png in Resources */,
				7242F0A615D1CE01006CF0C7 /* Runner.png in Resources */,
				7242F0A715D1CE01006CF0C7 /* ZombieDice.png in Resources */,
				7242F0B215D1DC3C006CF0C7 /* awww.caf in Resources */,
				7242F0B315D1DC3C006CF0C7 /* NomNomNom.caf in Resources */,
				7242F0B415D1DC3C006CF0C7 /* runner.caf in Resources */,
				7242F0B515D1DC3C006CF0C7 /* Shotgun.caf in Resources */,
				7242F0B615D1DC3C006CF0C7 /* yay.caf in Resources */,
			);
			runOnlyForDeploymentPostprocessing = 0;
		};
/* End PBXResourcesBuildPhase section */

/* Begin PBXSourcesBuildPhase section */
		7242F07815D1C8BA006CF0C7 /* Sources */ = {
			isa = PBXSourcesBuildPhase;
			buildActionMask = 2147483647;
			files = (
				7242F08D15D1C8BA006CF0C7 /* main.m in Sources */,
				7242F09115D1C8BA006CF0C7 /* ZRAppDelegate.m in Sources */,
				7242F09A15D1C8BA006CF0C7 /* ZRViewController.m in Sources */,
			);
			runOnlyForDeploymentPostprocessing = 0;
		};
/* End PBXSourcesBuildPhase section */

/* Begin PBXVariantGroup section */
		7242F08915D1C8BA006CF0C7 /* InfoPlist.strings */ = {
			isa = PBXVariantGroup;
			children = (
				7242F08A15D1C8BA006CF0C7 /* en */,
			);
			name = InfoPlist.strings;
			sourceTree = "<group>";
		};
		7242F09215D1C8BA006CF0C7 /* MainStoryboard_iPhone.storyboard */ = {
			isa = PBXVariantGroup;
			children = (
				7242F09315D1C8BA006CF0C7 /* en */,
			);
			name = MainStoryboard_iPhone.storyboard;
			sourceTree = "<group>";
		};
		7242F09515D1C8BA006CF0C7 /* MainStoryboard_iPad.storyboard */ = {
			isa = PBXVariantGroup;
			children = (
				7242F09615D1C8BA006CF0C7 /* en */,
			);
			name = MainStoryboard_iPad.storyboard;
			sourceTree = "<group>";
		};
/* End PBXVariantGroup section */

/* Begin XCBuildConfiguration section */
		7242F09B15D1C8BA006CF0C7 /* Debug */ = {
			isa = XCBuildConfiguration;
			buildSettings = {
				ALWAYS_SEARCH_USER_PATHS = NO;
				CLANG_ANALYZER_LOCALIZABILITY_NONLOCALIZED = YES;
				CLANG_CXX_LANGUAGE_STANDARD = "gnu++0x";
				CLANG_ENABLE_OBJC_ARC = YES;
				CLANG_WARN_BLOCK_CAPTURE_AUTORELEASING = YES;
				CLANG_WARN_BOOL_CONVERSION = YES;
				CLANG_WARN_COMMA = YES;
				CLANG_WARN_CONSTANT_CONVERSION = YES;
				CLANG_WARN_DEPRECATED_OBJC_IMPLEMENTATIONS = YES;
				CLANG_WARN_EMPTY_BODY = YES;
				CLANG_WARN_ENUM_CONVERSION = YES;
				CLANG_WARN_INFINITE_RECURSION = YES;
				CLANG_WARN_INT_CONVERSION = YES;
				CLANG_WARN_NON_LITERAL_NULL_CONVERSION = YES;
				CLANG_WARN_OBJC_IMPLICIT_RETAIN_SELF = YES;
				CLANG_WARN_OBJC_LITERAL_CONVERSION = YES;
				CLANG_WARN_QUOTED_INCLUDE_IN_FRAMEWORK_HEADER = YES;
				CLANG_WARN_RANGE_LOOP_ANALYSIS = YES;
				CLANG_WARN_STRICT_PROTOTYPES = YES;
				CLANG_WARN_SUSPICIOUS_MOVE = YES;
				CLANG_WARN_UNREACHABLE_CODE = YES;
				CLANG_WARN__DUPLICATE_METHOD_MATCH = YES;
				"CODE_SIGN_IDENTITY[sdk=iphoneos*]" = "iPhone Developer";
				COPY_PHASE_STRIP = NO;
				ENABLE_STRICT_OBJC_MSGSEND = YES;
				ENABLE_TESTABILITY = YES;
				ENABLE_USER_SCRIPT_SANDBOXING = YES;
				GCC_C_LANGUAGE_STANDARD = gnu99;
				GCC_DYNAMIC_NO_PIC = NO;
				GCC_NO_COMMON_BLOCKS = YES;
				GCC_OPTIMIZATION_LEVEL = 0;
				GCC_PREPROCESSOR_DEFINITIONS = (
					"DEBUG=1",
					"$(inherited)",
				);
				GCC_SYMBOLS_PRIVATE_EXTERN = NO;
				GCC_VERSION = com.apple.compilers.llvm.clang.1_0;
				GCC_WARN_64_TO_32_BIT_CONVERSION = YES;
				GCC_WARN_ABOUT_RETURN_TYPE = YES;
				GCC_WARN_UNDECLARED_SELECTOR = YES;
				GCC_WARN_UNINITIALIZED_AUTOS = YES;
				GCC_WARN_UNUSED_FUNCTION = YES;
				GCC_WARN_UNUSED_VARIABLE = YES;
				IPHONEOS_DEPLOYMENT_TARGET = 12.0;
				ONLY_ACTIVE_ARCH = YES;
				SDKROOT = iphoneos;
				TARGETED_DEVICE_FAMILY = "1,2";
			};
			name = Debug;
		};
		7242F09C15D1C8BA006CF0C7 /* Release */ = {
			isa = XCBuildConfiguration;
			buildSettings = {
				ALWAYS_SEARCH_USER_PATHS = NO;
				CLANG_ANALYZER_LOCALIZABILITY_NONLOCALIZED = YES;
				CLANG_CXX_LANGUAGE_STANDARD = "gnu++0x";
				CLANG_ENABLE_OBJC_ARC = YES;
				CLANG_WARN_BLOCK_CAPTURE_AUTORELEASING = YES;
				CLANG_WARN_BOOL_CONVERSION = YES;
				CLANG_WARN_COMMA = YES;
				CLANG_WARN_CONSTANT_CONVERSION = YES;
				CLANG_WARN_DEPRECATED_OBJC_IMPLEMENTATIONS = YES;
				CLANG_WARN_EMPTY_BODY = YES;
				CLANG_WARN_ENUM_CONVERSION = YES;
				CLANG_WARN_INFINITE_RECURSION = YES;
				CLANG_WARN_INT_CONVERSION = YES;
				CLANG_WARN_NON_LITERAL_NULL_CONVERSION = YES;
				CLANG_WARN_OBJC_IMPLICIT_RETAIN_SELF = YES;
				CLANG_WARN_OBJC_LITERAL_CONVERSION = YES;
				CLANG_WARN_QUOTED_INCLUDE_IN_FRAMEWORK_HEADER = YES;
				CLANG_WARN_RANGE_LOOP_ANALYSIS = YES;
				CLANG_WARN_STRICT_PROTOTYPES = YES;
				CLANG_WARN_SUSPICIOUS_MOVE = YES;
				CLANG_WARN_UNREACHABLE_CODE = YES;
				CLANG_WARN__DUPLICATE_METHOD_MATCH = YES;
				"CODE_SIGN_IDENTITY[sdk=iphoneos*]" = "iPhone Developer";
				COPY_PHASE_STRIP = YES;
				ENABLE_STRICT_OBJC_MSGSEND = YES;
				ENABLE_USER_SCRIPT_SANDBOXING = YES;
				GCC_C_LANGUAGE_STANDARD = gnu99;
				GCC_NO_COMMON_BLOCKS = YES;
				GCC_VERSION = com.apple.compilers.llvm.clang.1_0;
				GCC_WARN_64_TO_32_BIT_CONVERSION = YES;
				GCC_WARN_ABOUT_RETURN_TYPE = YES;
				GCC_WARN_UNDECLARED_SELECTOR = YES;
				GCC_WARN_UNINITIALIZED_AUTOS = YES;
				GCC_WARN_UNUSED_FUNCTION = YES;
				GCC_WARN_UNUSED_VARIABLE = YES;
				IPHONEOS_DEPLOYMENT_TARGET = 12.0;
				OTHER_CFLAGS = "-DNS_BLOCK_ASSERTIONS=1";
				SDKROOT = iphoneos;
				TARGETED_DEVICE_FAMILY = "1,2";
				VALIDATE_PRODUCT = YES;
			};
			name = Release;
		};
		7242F09E15D1C8BA006CF0C7 /* Debug */ = {
			isa = XCBuildConfiguration;
			buildSettings = {
				ARCHS = "$(ARCHS_STANDARD)";
				DEVELOPMENT_TEAM = WLH9AUCYC4;
				GCC_PRECOMPILE_PREFIX_HEADER = YES;
				GCC_PREFIX_HEADER = "ZombieRun/ZombieRun-Prefix.pch";
				INFOPLIST_FILE = "ZombieRun/ZombieRun-Info.plist";
				IPHONEOS_DEPLOYMENT_TARGET = 12.4;
				PRODUCT_BUNDLE_IDENTIFIER = "edu.self.${PRODUCT_NAME:rfc1034identifier}";
				PRODUCT_NAME = "$(TARGET_NAME)";
				TARGETED_DEVICE_FAMILY = "1,2";
				WRAPPER_EXTENSION = app;
			};
			name = Debug;
		};
		7242F09F15D1C8BA006CF0C7 /* Release */ = {
			isa = XCBuildConfiguration;
			buildSettings = {
				ARCHS = "$(ARCHS_STANDARD)";
				DEVELOPMENT_TEAM = WLH9AUCYC4;
				GCC_PRECOMPILE_PREFIX_HEADER = YES;
				GCC_PREFIX_HEADER = "ZombieRun/ZombieRun-Prefix.pch";
				INFOPLIST_FILE = "ZombieRun/ZombieRun-Info.plist";
				IPHONEOS_DEPLOYMENT_TARGET = 12.4;
				PRODUCT_BUNDLE_IDENTIFIER = "edu.self.${PRODUCT_NAME:rfc1034identifier}";
				PRODUCT_NAME = "$(TARGET_NAME)";
				TARGETED_DEVICE_FAMILY = "1,2";
				WRAPPER_EXTENSION = app;
			};
			name = Release;
		};
/* End XCBuildConfiguration section */

/* Begin XCConfigurationList section */
		7242F07615D1C8BA006CF0C7 /* Build configuration list for PBXProject "ZombieRun" */ = {
			isa = XCConfigurationList;
			buildConfigurations = (
				7242F09B15D1C8BA006CF0C7 /* Debug */,
				7242F09C15D1C8BA006CF0C7 /* Release */,
			);
			defaultConfigurationIsVisible = 0;
			defaultConfigurationName = Release;
		};
		7242F09D15D1C8BA006CF0C7 /* Build configuration list for PBXNativeTarget "ZombieRun" */ = {
			isa = XCConfigurationList;
			buildConfigurations = (
				7242F09E15D1C8BA006CF0C7 /* Debug */,
				7242F09F15D1C8BA006CF0C7 /* Release */,
			);
			defaultConfigurationIsVisible = 0;
			defaultConfigurationName = Release;
		};
/* End XCConfigurationList section */
	};
	rootObject = 7242F07315D1C8BA006CF0C7 /* Project object */;
}
